// !$*UTF8*$!
{
	archiveVersion = 1;
	classes = {
	};
	objectVersion = 56;
	objects = {

/* Begin PBXBuildFile section */
		AABBCCDD0000000000000011 /* JarvisAppApp.swift in Sources */ = {isa = PBXBuildFile; fileRef = AABBCCDD0000000000000010 /* JarvisAppApp.swift */; };
		AABBCCDD0000000000000013 /* AppDelegate.swift in Sources */ = {isa = PBXBuildFile; fileRef = AABBCCDD0000000000000012 /* AppDelegate.swift */; };
		AABBCCDD0000000000000015 /* ContentView.swift in Sources */ = {isa = PBXBuildFile; fileRef = AABBCCDD0000000000000014 /* ContentView.swift */; };
		AABBCCDD0000000000000017 /* BackendManager.swift in Sources */ = {isa = PBXBuildFile; fileRef = AABBCCDD0000000000000016 /* BackendManager.swift */; };
		AABBCCDD0000000000000019 /* LogsView.swift in Sources */ = {isa = PBXBuildFile; fileRef = AABBCCDD0000000000000018 /* LogsView.swift */; };
		AABBCCDD000000000000001F /* Assets.xcassets in Resources */ = {isa = PBXBuildFile; fileRef = AABBCCDD000000000000001E /* Assets.xcassets */; };
		AABBCCDD0000000000000041 /* chatbot_speech_to_speech.py in Resources */ = {isa = PBXBuildFile; fileRef = AABBCCDD0000000000000040 /* chatbot_speech_to_speech.py */; };
		AABBCCDD0000000000000043 /* ws_server.py in Resources */ = {isa = PBXBuildFile; fileRef = AABBCCDD0000000000000042 /* ws_server.py */; };
		AABBCCDD0000000000000045 /* config.json in Resources */ = {isa = PBXBuildFile; fileRef = AABBCCDD0000000000000044 /* config.json */; };
		AABBCCDD0000000000000047 /* requirements_speech_to_speech.txt in Resources */ = {isa = PBXBuildFile; fileRef = AABBCCDD0000000000000046 /* requirements_speech_to_speech.txt */; };
		AABBCCDD0000000000000049 /* dist in Resources */ = {isa = PBXBuildFile; fileRef = AABBCCDD0000000000000048 /* dist */; };
/* End PBXBuildFile section */

/* Begin PBXFileReference section */
		AABBCCDD0000000000000010 /* JarvisAppApp.swift */ = {isa = PBXFileReference; lastKnownFileType = sourcecode.swift; path = JarvisAppApp.swift; sourceTree = "<group>"; };
		AABBCCDD0000000000000012 /* AppDelegate.swift */ = {isa = PBXFileReference; lastKnownFileType = sourcecode.swift; path = AppDelegate.swift; sourceTree = "<group>"; };
		AABBCCDD0000000000000014 /* ContentView.swift */ = {isa = PBXFileReference; lastKnownFileType = sourcecode.swift; path = ContentView.swift; sourceTree = "<group>"; };
		AABBCCDD0000000000000016 /* BackendManager.swift */ = {isa = PBXFileReference; lastKnownFileType = sourcecode.swift; path = BackendManager.swift; sourceTree = "<group>"; };
		AABBCCDD0000000000000018 /* LogsView.swift */ = {isa = PBXFileReference; lastKnownFileType = sourcecode.swift; path = LogsView.swift; sourceTree = "<group>"; };
		AABBCCDD000000000000001A /* Info.plist */ = {isa = PBXFileReference; lastKnownFileType = text.plist.xml; path = Info.plist; sourceTree = "<group>"; };
		AABBCCDD000000000000001B /* JarvisApp.entitlements */ = {isa = PBXFileReference; lastKnownFileType = text.plist.entitlements; path = JarvisApp.entitlements; sourceTree = "<group>"; };
		AABBCCDD000000000000001E /* Assets.xcassets */ = {isa = PBXFileReference; lastKnownFileType = folder.assetcatalog; path = Assets.xcassets; sourceTree = "<group>"; };
		AABBCCDD000000000000001C /* Jarvis.app */ = {isa = PBXFileReference; explicitFileType = wrapper.application; includeInIndex = 0; path = Jarvis.app; sourceTree = BUILT_PRODUCTS_DIR; };
		AABBCCDD0000000000000040 /* chatbot_speech_to_speech.py */ = {isa = PBXFileReference; lastKnownFileType = text.script.python; name = chatbot_speech_to_speech.py; path = ../../chatbot_speech_to_speech.py; sourceTree = "<group>"; };
		AABBCCDD0000000000000042 /* ws_server.py */ = {isa = PBXFileReference; lastKnownFileType = text.script.python; name = ws_server.py; path = ../../ws_server.py; sourceTree = "<group>"; };
		AABBCCDD0000000000000044 /* config.json */ = {isa = PBXFileReference; lastKnownFileType = text.json; name = config.json; path = ../../config.json; sourceTree = "<group>"; };
		AABBCCDD0000000000000046 /* requirements_speech_to_speech.txt */ = {isa = PBXFileReference; lastKnownFileType = text; name = requirements_speech_to_speech.txt; path = ../../requirements_speech_to_speech.txt; sourceTree = "<group>"; };
		AABBCCDD0000000000000048 /* dist */ = {isa = PBXFileReference; lastKnownFileType = folder; name = dist; path = ../../frontend/dist; sourceTree = "<group>"; };
/* End PBXFileReference section */

/* Begin PBXFrameworksBuildPhase section */
		AABBCCDD000000000000000B /* Frameworks */ = {
			isa = PBXFrameworksBuildPhase;
			buildActionMask = 2147483647;
			files = (
			);
			runOnlyForDeploymentPostprocessing = 0;
		};
/* End PBXFrameworksBuildPhase section */

/* Begin PBXGroup section */
		AABBCCDD000000000000000C = {
			isa = PBXGroup;
			children = (
				AABBCCDD000000000000000D /* JarvisApp */,
				AABBCCDD000000000000000E /* Products */,
			);
			sourceTree = "<group>";
		};
		AABBCCDD000000000000000D /* JarvisApp */ = {
			isa = PBXGroup;
			children = (
				AABBCCDD0000000000000010 /* JarvisAppApp.swift */,
				AABBCCDD0000000000000012 /* AppDelegate.swift */,
				AABBCCDD0000000000000014 /* ContentView.swift */,
				AABBCCDD0000000000000016 /* BackendManager.swift */,
				AABBCCDD0000000000000018 /* LogsView.swift */,
				AABBCCDD000000000000001A /* Info.plist */,
				AABBCCDD000000000000001B /* JarvisApp.entitlements */,
				AABBCCDD000000000000001E /* Assets.xcassets */,
				AABBCCDD0000000000000040 /* chatbot_speech_to_speech.py */,
				AABBCCDD0000000000000042 /* ws_server.py */,
				AABBCCDD0000000000000044 /* config.json */,
				AABBCCDD0000000000000046 /* requirements_speech_to_speech.txt */,
				AABBCCDD0000000000000048 /* dist */,
			);
			path = JarvisApp;
			sourceTree = "<group>";
		};
		AABBCCDD000000000000000E /* Products */ = {
			isa = PBXGroup;
			children = (
				AABBCCDD000000000000001C /* Jarvis.app */,
			);
			name = Products;
			sourceTree = "<group>";
		};
/* End PBXGroup section */

/* Begin PBXNativeTarget section */
		AABBCCDD0000000000000002 /* Jarvis */ = {
			isa = PBXNativeTarget;
			buildConfigurationList = AABBCCDD0000000000000004 /* Build configuration list for PBXNativeTarget "Jarvis" */;
			buildPhases = (
				AABBCCDD000000000000001D /* Check venv (Run Script) */,
				AABBCCDD0000000000000009 /* Sources */,
				AABBCCDD000000000000000B /* Frameworks */,
				AABBCCDD000000000000000A /* Resources */,
			);
			buildRules = (
			);
			dependencies = (
			);
			name = Jarvis;
			productName = Jarvis;
			productReference = AABBCCDD000000000000001C /* Jarvis.app */;
			productType = "com.apple.product-type.application";
		};
/* End PBXNativeTarget section */

/* Begin PBXProject section */
		AABBCCDD0000000000000001 /* Project object */ = {
			isa = PBXProject;
			attributes = {
				BuildIndependentTargetsInParallel = 1;
				LastSwiftUpdateCheck = 1500;
				LastUpgradeCheck = 1500;
				TargetAttributes = {
					AABBCCDD0000000000000002 = {
						CreatedOnToolsVersion = 15.0;
					};
				};
			};
			buildConfigurationList = AABBCCDD0000000000000003 /* Build configuration list for PBXProject "JarvisApp" */;
			compatibilityVersion = "Xcode 14.0";
			developmentRegion = en;
			hasScannedForEncodings = 0;
			knownRegions = (
				en,
				Base,
			);
			mainGroup = AABBCCDD000000000000000C;
			productRefGroup = AABBCCDD000000000000000E /* Products */;
			projectDirPath = "";
			projectRoot = "";
			targets = (
				AABBCCDD0000000000000002 /* Jarvis */,
			);
		};
/* End PBXProject section */

/* Begin PBXResourcesBuildPhase section */
		AABBCCDD000000000000000A /* Resources */ = {
			isa = PBXResourcesBuildPhase;
			buildActionMask = 2147483647;
			files = (
				AABBCCDD000000000000001F /* Assets.xcassets in Resources */,
				AABBCCDD0000000000000041 /* chatbot_speech_to_speech.py in Resources */,
				AABBCCDD0000000000000043 /* ws_server.py in Resources */,
				AABBCCDD0000000000000045 /* config.json in Resources */,
				AABBCCDD0000000000000047 /* requirements_speech_to_speech.txt in Resources */,
				AABBCCDD0000000000000049 /* dist in Resources */,
			);
			runOnlyForDeploymentPostprocessing = 0;
		};
/* End PBXResourcesBuildPhase section */

/* Begin PBXShellScriptBuildPhase section */
		AABBCCDD000000000000001D /* Check frontend dist (Run Script) */ = {
			isa = PBXShellScriptBuildPhase;
			buildActionMask = 2147483647;
			files = (
			);
			inputFileListPaths = (
			);
			inputPaths = (
			);
			name = "Check frontend dist (Run Script)";
			outputFileListPaths = (
			);
			outputPaths = (
			);
			runOnlyForDeploymentPostprocessing = 0;
			shellPath = /bin/sh;
			shellScript = "DIST=\"$SRCROOT/../../frontend/dist\"\nif [ ! -d \"$DIST\" ]; then\n    echo \"warning: frontend/dist not found — run: cd frontend && npm run build\"\nfi\n";
			showEnvVarsInLog = 0;
		};
/* End PBXShellScriptBuildPhase section */

/* Begin PBXSourcesBuildPhase section */
		AABBCCDD0000000000000009 /* Sources */ = {
			isa = PBXSourcesBuildPhase;
			buildActionMask = 2147483647;
			files = (
				AABBCCDD0000000000000011 /* JarvisAppApp.swift in Sources */,
				AABBCCDD0000000000000013 /* AppDelegate.swift in Sources */,
				AABBCCDD0000000000000015 /* ContentView.swift in Sources */,
				AABBCCDD0000000000000017 /* BackendManager.swift in Sources */,
				AABBCCDD0000000000000019 /* LogsView.swift in Sources */,
			);
			runOnlyForDeploymentPostprocessing = 0;
		};
/* End PBXSourcesBuildPhase section */

/* Begin XCBuildConfiguration section */
		AABBCCDD0000000000000005 /* Debug */ = {
			isa = XCBuildConfiguration;
			buildSettings = {
				ALWAYS_SEARCH_USER_PATHS = NO;
				CLANG_ANALYZER_NONNULL = YES;
				CLANG_ANALYZER_NUMBER_OBJECT_CONVERSION = YES_AGGRESSIVE;
				CLANG_CXX_LANGUAGE_STANDARD = "gnu++17";
				CLANG_ENABLE_MODULES = YES;
				CLANG_ENABLE_OBJC_ARC = YES;
				CLANG_ENABLE_OBJC_WEAK = YES;
				CLANG_WARN_BLOCK_CAPTURE_AUTORELEASING = YES;
				CLANG_WARN_BOOL_CONVERSION = YES;
				CLANG_WARN_COMMA = YES;
				CLANG_WARN_CONSTANT_CONVERSION = YES;
				CLANG_WARN_DEPRECATED_OBJC_IMPLEMENTATIONS = YES;
				CLANG_WARN_DIRECT_OBJC_ISA_USAGE = YES_ERROR;
				CLANG_WARN_DOCUMENTATION_COMMENTS = YES;
				CLANG_WARN_EMPTY_BODY = YES;
				CLANG_WARN_ENUM_CONVERSION = YES;
				CLANG_WARN_INFINITE_RECURSION = YES;
				CLANG_WARN_INT_CONVERSION = YES;
				CLANG_WARN_NON_LITERAL_NULL_CONVERSION = YES;
				CLANG_WARN_OBJC_IMPLICIT_RETAIN_SELF = YES;
				CLANG_WARN_OBJC_LITERAL_CONVERSION = YES;
				CLANG_WARN_OBJC_ROOT_CLASS = YES_ERROR;
				CLANG_WARN_QUOTED_INCLUDE_IN_FRAMEWORK_HEADER = YES;
				CLANG_WARN_RANGE_LOOP_ANALYSIS = YES;
				CLANG_WARN_STRICT_PROTOTYPES = YES;
				CLANG_WARN_SUSPICIOUS_MOVE = YES;
				CLANG_WARN_UNGUARDED_AVAILABILITY = YES_AGGRESSIVE;
				CLANG_WARN_UNREACHABLE_CODE = YES;
				CLANG_WARN__DUPLICATE_METHOD_MATCH = YES;
				COPY_PHASE_STRIP = NO;
				DEBUG_INFORMATION_FORMAT = dwarf;
				ENABLE_STRICT_OBJC_MSGSEND = YES;
				ENABLE_TESTABILITY = YES;
				ENABLE_USER_SCRIPT_SANDBOXING = NO;
				GCC_C_LANGUAGE_STANDARD = gnu17;
				GCC_DYNAMIC_NO_PIC = NO;
				GCC_NO_COMMON_BLOCKS = YES;
				GCC_OPTIMIZATION_LEVEL = 0;
				GCC_PREPROCESSOR_DEFINITIONS = (
					"DEBUG=1",
					"$(inherited)",
				);
				GCC_WARN_64_TO_32_BIT_CONVERSION = YES;
				GCC_WARN_ABOUT_RETURN_TYPE = YES_ERROR;
				GCC_WARN_UNDECLARED_SELECTOR = YES;
				GCC_WARN_UNINITIALIZED_AUTOS = YES_AGGRESSIVE;
				GCC_WARN_UNUSED_FUNCTION = YES;
				GCC_WARN_UNUSED_VARIABLE = YES;
				MACOSX_DEPLOYMENT_TARGET = 13.0;
				MTL_ENABLE_DEBUG_INFO = INCLUDE_SOURCE;
				MTL_FAST_MATH = YES;
				ONLY_ACTIVE_ARCH = YES;
				SDKROOT = macosx;
				SWIFT_ACTIVE_COMPILATION_CONDITIONS = DEBUG;
				SWIFT_OPTIMIZATION_LEVEL = "-Onone";
			};
			name = Debug;
		};
		AABBCCDD0000000000000006 /* Release */ = {
			isa = XCBuildConfiguration;
			buildSettings = {
				ALWAYS_SEARCH_USER_PATHS = NO;
				CLANG_ANALYZER_NONNULL = YES;
				CLANG_ANALYZER_NUMBER_OBJECT_CONVERSION = YES_AGGRESSIVE;
				CLANG_CXX_LANGUAGE_STANDARD = "gnu++17";
				CLANG_ENABLE_MODULES = YES;
				CLANG_ENABLE_OBJC_ARC = YES;
				CLANG_ENABLE_OBJC_WEAK = YES;
				CLANG_WARN_BLOCK_CAPTURE_AUTORELEASING = YES;
				CLANG_WARN_BOOL_CONVERSION = YES;
				CLANG_WARN_COMMA = YES;
				CLANG_WARN_CONSTANT_CONVERSION = YES;
				CLANG_WARN_DEPRECATED_OBJC_IMPLEMENTATIONS = YES;
				CLANG_WARN_DIRECT_OBJC_ISA_USAGE = YES_ERROR;
				CLANG_WARN_DOCUMENTATION_COMMENTS = YES;
				CLANG_WARN_EMPTY_BODY = YES;
				CLANG_WARN_ENUM_CONVERSION = YES;
				CLANG_WARN_INFINITE_RECURSION = YES;
				CLANG_WARN_INT_CONVERSION = YES;
				CLANG_WARN_NON_LITERAL_NULL_CONVERSION = YES;
				CLANG_WARN_OBJC_IMPLICIT_RETAIN_SELF = YES;
				CLANG_WARN_OBJC_LITERAL_CONVERSION = YES;
				CLANG_WARN_OBJC_ROOT_CLASS = YES_ERROR;
				CLANG_WARN_QUOTED_INCLUDE_IN_FRAMEWORK_HEADER = YES;
				CLANG_WARN_RANGE_LOOP_ANALYSIS = YES;
				CLANG_WARN_STRICT_PROTOTYPES = YES;
				CLANG_WARN_SUSPICIOUS_MOVE = YES;
				CLANG_WARN_UNGUARDED_AVAILABILITY = YES_AGGRESSIVE;
				CLANG_WARN_UNREACHABLE_CODE = YES;
				CLANG_WARN__DUPLICATE_METHOD_MATCH = YES;
				COPY_PHASE_STRIP = NO;
				DEBUG_INFORMATION_FORMAT = "dwarf-with-dsym";
				ENABLE_NS_ASSERTIONS = NO;
				ENABLE_STRICT_OBJC_MSGSEND = YES;
				ENABLE_USER_SCRIPT_SANDBOXING = NO;
				GCC_C_LANGUAGE_STANDARD = gnu17;
				GCC_NO_COMMON_BLOCKS = YES;
				GCC_WARN_64_TO_32_BIT_CONVERSION = YES;
				GCC_WARN_ABOUT_RETURN_TYPE = YES_ERROR;
				GCC_WARN_UNDECLARED_SELECTOR = YES;
				GCC_WARN_UNINITIALIZED_AUTOS = YES_AGGRESSIVE;
				GCC_WARN_UNUSED_FUNCTION = YES;
				GCC_WARN_UNUSED_VARIABLE = YES;
				MACOSX_DEPLOYMENT_TARGET = 13.0;
				MTL_ENABLE_DEBUG_INFO = NO;
				MTL_FAST_MATH = YES;
				SDKROOT = macosx;
				SWIFT_COMPILATION_MODE = wholemodule;
				SWIFT_OPTIMIZATION_LEVEL = "-O";
			};
			name = Release;
		};
		AABBCCDD0000000000000007 /* Debug */ = {
			isa = XCBuildConfiguration;
			buildSettings = {
				ASSETCATALOG_COMPILER_APPICON_NAME = AppIcon;
				CODE_SIGNING_REQUIRED = YES;
				CODE_SIGN_ENTITLEMENTS = JarvisApp/JarvisApp.entitlements;
				CODE_SIGN_IDENTITY = "Developer ID Application";
				"CODE_SIGN_IDENTITY[sdk=macosx*]" = "Apple Development";
				CODE_SIGN_STYLE = Automatic;
				COMBINE_HIDPI_IMAGES = YES;
				CURRENT_PROJECT_VERSION = 1;
				DEVELOPMENT_TEAM = 9TGSRQR8N4;
				ENABLE_HARDENED_RUNTIME = YES;
				GENERATE_INFOPLIST_FILE = NO;
				INFOPLIST_EXPAND_BUILD_SETTINGS = YES;
				INFOPLIST_FILE = JarvisApp/Info.plist;
				INFOPLIST_KEY_NSMicrophoneUsageDescription = "Jarvis needs the microphone to hear your voice commands.";
				LD_RUNPATH_SEARCH_PATHS = (
					"$(inherited)",
					"@executable_path/../Frameworks",
				);
				MACOSX_DEPLOYMENT_TARGET = 13.0;
				MARKETING_VERSION = 1.0;
				PRODUCT_BUNDLE_IDENTIFIER = com.mdanyl.jarvisapp;
				PRODUCT_NAME = Jarvis;
				SWIFT_EMIT_LOC_STRINGS = YES;
				SWIFT_VERSION = 5.0;
			};
			name = Debug;
		};
		AABBCCDD0000000000000008 /* Release */ = {
			isa = XCBuildConfiguration;
			buildSettings = {
				ASSETCATALOG_COMPILER_APPICON_NAME = AppIcon;
				CODE_SIGNING_REQUIRED = YES;
				CODE_SIGN_ENTITLEMENTS = JarvisApp/JarvisApp.entitlements;
				CODE_SIGN_IDENTITY = "Developer ID Application";
				"CODE_SIGN_IDENTITY[sdk=macosx*]" = "Apple Development";
				CODE_SIGN_STYLE = Automatic;
				COMBINE_HIDPI_IMAGES = YES;
				CURRENT_PROJECT_VERSION = 1;
				DEVELOPMENT_TEAM = 9TGSRQR8N4;
				ENABLE_HARDENED_RUNTIME = YES;
				GENERATE_INFOPLIST_FILE = NO;
				INFOPLIST_EXPAND_BUILD_SETTINGS = YES;
				INFOPLIST_FILE = JarvisApp/Info.plist;
				INFOPLIST_KEY_NSMicrophoneUsageDescription = "Jarvis needs the microphone to hear your voice commands.";
				LD_RUNPATH_SEARCH_PATHS = (
					"$(inherited)",
					"@executable_path/../Frameworks",
				);
				MACOSX_DEPLOYMENT_TARGET = 13.0;
				MARKETING_VERSION = 1.0;
				PRODUCT_BUNDLE_IDENTIFIER = com.mdanyl.jarvisapp;
				PRODUCT_NAME = Jarvis;
				SWIFT_EMIT_LOC_STRINGS = YES;
				SWIFT_VERSION = 5.0;
			};
			name = Release;
		};
/* End XCBuildConfiguration section */

/* Begin XCConfigurationList section */
		AABBCCDD0000000000000003 /* Build configuration list for PBXProject "JarvisApp" */ = {
			isa = XCConfigurationList;
			buildConfigurations = (
				AABBCCDD0000000000000005 /* Debug */,
				AABBCCDD0000000000000006 /* Release */,
			);
			defaultConfigurationIsVisible = 0;
			defaultConfigurationName = Release;
		};
		AABBCCDD0000000000000004 /* Build configuration list for PBXNativeTarget "Jarvis" */ = {
			isa = XCConfigurationList;
			buildConfigurations = (
				AABBCCDD0000000000000007 /* Debug */,
				AABBCCDD0000000000000008 /* Release */,
			);
			defaultConfigurationIsVisible = 0;
			defaultConfigurationName = Release;
		};
/* End XCConfigurationList section */
	};
	rootObject = AABBCCDD0000000000000001 /* Project object */;
}
